
Microsoft Visual Studio Solution File, Format Version 12.00
# Visual Studio Version 16
VisualStudioVersion = 16.0.34301.259
MinimumVisualStudioVersion = 10.0.40219.1
Project("{FAE04EC0-301F-11D3-BF4B-00C04F79EFBC}") = "MainMethodAssignment", "MainMethodAssignment\MainMethodAssignment.csproj", "{832D495F-9ACC-4748-A524-7F54FF982986}"
EndProject
Global
	GlobalSection(SolutionConfigurationPlatforms) = preSolution
		Debug|Any CPU = Debug|Any CPU
		Release|Any CPU = Release|Any CPU
	EndGlobalSection
	GlobalSection(ProjectConfigurationPlatforms) = postSolution
		{832D495F-9ACC-4748-A524-7F54FF982986}.Debug|Any CPU.ActiveCfg = Debug|Any CPU
		{832D495F-9ACC-4748-A524-7F54FF982986}.Debug|Any CPU.Build.0 = Debug|Any CPU
		{832D495F-9ACC-4748-A524-7F54FF982986}.Release|Any CPU.ActiveCfg = Release|Any CPU
		{832D495F-9ACC-4748-A524-7F54FF982986}.Release|Any CPU.Build.0 = Release|Any CPU
	EndGlobalSection
	GlobalSection(SolutionProperties) = preSolution
		HideSolutionNode = FALSE
	EndGlobalSection
	GlobalSection(ExtensibilityGlobals) = postSolution
		SolutionGuid = {22D68F1D-73A7-4710-B5B8-10BBA4CBA8D0}
	EndGlobalSection
EndGlobal
