
Microsoft Visual Studio Solution File, Format Version 12.00
# Visual Studio Version 16
VisualStudioVersion = 16.0.34301.259
MinimumVisualStudioVersion = 10.0.40219.1
Project("{FAE04EC0-301F-11D3-BF4B-00C04F79EFBC}") = "CallingMethodsAssignment", "CallingMethodsAssignment\CallingMethodsAssignment.csproj", "{BE5818FD-E099-4A3D-AA3D-9A8DEE1599CD}"
EndProject
Global
	GlobalSection(SolutionConfigurationPlatforms) = preSolution
		Debug|Any CPU = Debug|Any CPU
		Release|Any CPU = Release|Any CPU
	EndGlobalSection
	GlobalSection(ProjectConfigurationPlatforms) = postSolution
		{BE5818FD-E099-4A3D-AA3D-9A8DEE1599CD}.Debug|Any CPU.ActiveCfg = Debug|Any CPU
		{BE5818FD-E099-4A3D-AA3D-9A8DEE1599CD}.Debug|Any CPU.Build.0 = Debug|Any CPU
		{BE5818FD-E099-4A3D-AA3D-9A8DEE1599CD}.Release|Any CPU.ActiveCfg = Release|Any CPU
		{BE5818FD-E099-4A3D-AA3D-9A8DEE1599CD}.Release|Any CPU.Build.0 = Release|Any CPU
	EndGlobalSection
	GlobalSection(SolutionProperties) = preSolution
		HideSolutionNode = FALSE
	EndGlobalSection
	GlobalSection(ExtensibilityGlobals) = postSolution
		SolutionGuid = {8D347465-293C-4980-8531-E69F5800BF07}
	EndGlobalSection
EndGlobal
