
Microsoft Visual Studio Solution File, Format Version 12.00
# Visual Studio Version 16
VisualStudioVersion = 16.0.34301.259
MinimumVisualStudioVersion = 10.0.40219.1
Project("{FAE04EC0-301F-11D3-BF4B-00C04F79EFBC}") = "NumberLogger", "NumberLogger\NumberLogger.csproj", "{6FFAB223-B187-436C-B7A8-A248C3ED0E8C}"
EndProject
Global
	GlobalSection(SolutionConfigurationPlatforms) = preSolution
		Debug|Any CPU = Debug|Any CPU
		Release|Any CPU = Release|Any CPU
	EndGlobalSection
	GlobalSection(ProjectConfigurationPlatforms) = postSolution
		{6FFAB223-B187-436C-B7A8-A248C3ED0E8C}.Debug|Any CPU.ActiveCfg = Debug|Any CPU
		{6FFAB223-B187-436C-B7A8-A248C3ED0E8C}.Debug|Any CPU.Build.0 = Debug|Any CPU
		{6FFAB223-B187-436C-B7A8-A248C3ED0E8C}.Release|Any CPU.ActiveCfg = Release|Any CPU
		{6FFAB223-B187-436C-B7A8-A248C3ED0E8C}.Release|Any CPU.Build.0 = Release|Any CPU
	EndGlobalSection
	GlobalSection(SolutionProperties) = preSolution
		HideSolutionNode = FALSE
	EndGlobalSection
	GlobalSection(ExtensibilityGlobals) = postSolution
		SolutionGuid = {1A46437F-9683-463E-AF3E-620EEC1D00A6}
	EndGlobalSection
EndGlobal
