
Microsoft Visual Studio Solution File, Format Version 12.00
# Visual Studio Version 16
VisualStudioVersion = 16.0.34301.259
MinimumVisualStudioVersion = 10.0.40219.1
Project("{FAE04EC0-301F-11D3-BF4B-00C04F79EFBC}") = "Amount", "Amount\Amount.csproj", "{99D2A7CB-9068-4D3F-A070-E8A21605141A}"
EndProject
Global
	GlobalSection(SolutionConfigurationPlatforms) = preSolution
		Debug|Any CPU = Debug|Any CPU
		Release|Any CPU = Release|Any CPU
	EndGlobalSection
	GlobalSection(ProjectConfigurationPlatforms) = postSolution
		{99D2A7CB-9068-4D3F-A070-E8A21605141A}.Debug|Any CPU.ActiveCfg = Debug|Any CPU
		{99D2A7CB-9068-4D3F-A070-E8A21605141A}.Debug|Any CPU.Build.0 = Debug|Any CPU
		{99D2A7CB-9068-4D3F-A070-E8A21605141A}.Release|Any CPU.ActiveCfg = Release|Any CPU
		{99D2A7CB-9068-4D3F-A070-E8A21605141A}.Release|Any CPU.Build.0 = Release|Any CPU
	EndGlobalSection
	GlobalSection(SolutionProperties) = preSolution
		HideSolutionNode = FALSE
	EndGlobalSection
	GlobalSection(ExtensibilityGlobals) = postSolution
		SolutionGuid = {AD3717B4-546A-49B4-B249-EE127CB76229}
	EndGlobalSection
EndGlobal
