
Microsoft Visual Studio Solution File, Format Version 12.00
# Visual Studio Version 16
VisualStudioVersion = 16.0.34301.259
MinimumVisualStudioVersion = 10.0.40219.1
Project("{FAE04EC0-301F-11D3-BF4B-00C04F79EFBC}") = "TryCatch", "TryCatch\TryCatch.csproj", "{31DD88A3-211A-4B38-AAD0-BB2C89A2D4BC}"
EndProject
Global
	GlobalSection(SolutionConfigurationPlatforms) = preSolution
		Debug|Any CPU = Debug|Any CPU
		Release|Any CPU = Release|Any CPU
	EndGlobalSection
	GlobalSection(ProjectConfigurationPlatforms) = postSolution
		{31DD88A3-211A-4B38-AAD0-BB2C89A2D4BC}.Debug|Any CPU.ActiveCfg = Debug|Any CPU
		{31DD88A3-211A-4B38-AAD0-BB2C89A2D4BC}.Debug|Any CPU.Build.0 = Debug|Any CPU
		{31DD88A3-211A-4B38-AAD0-BB2C89A2D4BC}.Release|Any CPU.ActiveCfg = Release|Any CPU
		{31DD88A3-211A-4B38-AAD0-BB2C89A2D4BC}.Release|Any CPU.Build.0 = Release|Any CPU
	EndGlobalSection
	GlobalSection(SolutionProperties) = preSolution
		HideSolutionNode = FALSE
	EndGlobalSection
	GlobalSection(ExtensibilityGlobals) = postSolution
		SolutionGuid = {6CCBA509-B13B-4FE5-91CA-0AF2BC266E01}
	EndGlobalSection
EndGlobal
